
Microsoft Visual Studio Solution File, Format Version 12.00
# Visual Studio Version 17
VisualStudioVersion = 17.11.35222.181
MinimumVisualStudioVersion = 10.0.40219.1
Project("{FAE04EC0-301F-11D3-BF4B-00C04F79EFBC}") = "tempus.service.core.api", "tempus.service.core.api.csproj", "{C2AAF0B6-81C2-4DD9-8FC5-AD8878800249}"
EndProject
Global
	GlobalSection(SolutionConfigurationPlatforms) = preSolution
		Debug|Any CPU = Debug|Any CPU
		Release|Any CPU = Release|Any CPU
	EndGlobalSection
	GlobalSection(ProjectConfigurationPlatforms) = postSolution
		{C2AAF0B6-81C2-4DD9-8FC5-AD8878800249}.Debug|Any CPU.ActiveCfg = Debug|Any CPU
		{C2AAF0B6-81C2-4DD9-8FC5-AD8878800249}.Debug|Any CPU.Build.0 = Debug|Any CPU
		{C2AAF0B6-81C2-4DD9-8FC5-AD8878800249}.Release|Any CPU.ActiveCfg = Release|Any CPU
		{C2AAF0B6-81C2-4DD9-8FC5-AD8878800249}.Release|Any CPU.Build.0 = Release|Any CPU
	EndGlobalSection
	GlobalSection(SolutionProperties) = preSolution
		HideSolutionNode = FALSE
	EndGlobalSection
	GlobalSection(ExtensibilityGlobals) = postSolution
		SolutionGuid = {C9A3D6A4-CFA9-46A0-AF85-50DE7E451E1D}
	EndGlobalSection
EndGlobal
